
Microsoft Visual Studio Solution File, Format Version 12.00
# Visual Studio Version 16
VisualStudioVersion = 16.0.31729.503
MinimumVisualStudioVersion = 10.0.40219.1
Project("{FAE04EC0-301F-11D3-BF4B-00C04F79EFBC}") = "Task9", "Task9\Task9.csproj", "{E6B9BC8A-079F-4A9B-B740-3951D5190EF3}"
EndProject
Global
	GlobalSection(SolutionConfigurationPlatforms) = preSolution
		Debug|Any CPU = Debug|Any CPU
		Release|Any CPU = Release|Any CPU
	EndGlobalSection
	GlobalSection(ProjectConfigurationPlatforms) = postSolution
		{E6B9BC8A-079F-4A9B-B740-3951D5190EF3}.Debug|Any CPU.ActiveCfg = Debug|Any CPU
		{E6B9BC8A-079F-4A9B-B740-3951D5190EF3}.Debug|Any CPU.Build.0 = Debug|Any CPU
		{E6B9BC8A-079F-4A9B-B740-3951D5190EF3}.Release|Any CPU.ActiveCfg = Release|Any CPU
		{E6B9BC8A-079F-4A9B-B740-3951D5190EF3}.Release|Any CPU.Build.0 = Release|Any CPU
	EndGlobalSection
	GlobalSection(SolutionProperties) = preSolution
		HideSolutionNode = FALSE
	EndGlobalSection
	GlobalSection(ExtensibilityGlobals) = postSolution
		SolutionGuid = {4C441317-14B0-481C-ACFD-5E3FFA1C919A}
	EndGlobalSection
EndGlobal
