
Microsoft Visual Studio Solution File, Format Version 12.00
# Visual Studio Version 16
VisualStudioVersion = 16.0.31729.503
MinimumVisualStudioVersion = 10.0.40219.1
Project("{FAE04EC0-301F-11D3-BF4B-00C04F79EFBC}") = "Task8", "Task8\Task8.csproj", "{AA58EF6C-2253-4261-BCA1-842ECD574006}"
EndProject
Global
	GlobalSection(SolutionConfigurationPlatforms) = preSolution
		Debug|Any CPU = Debug|Any CPU
		Release|Any CPU = Release|Any CPU
	EndGlobalSection
	GlobalSection(ProjectConfigurationPlatforms) = postSolution
		{AA58EF6C-2253-4261-BCA1-842ECD574006}.Debug|Any CPU.ActiveCfg = Debug|Any CPU
		{AA58EF6C-2253-4261-BCA1-842ECD574006}.Debug|Any CPU.Build.0 = Debug|Any CPU
		{AA58EF6C-2253-4261-BCA1-842ECD574006}.Release|Any CPU.ActiveCfg = Release|Any CPU
		{AA58EF6C-2253-4261-BCA1-842ECD574006}.Release|Any CPU.Build.0 = Release|Any CPU
	EndGlobalSection
	GlobalSection(SolutionProperties) = preSolution
		HideSolutionNode = FALSE
	EndGlobalSection
	GlobalSection(ExtensibilityGlobals) = postSolution
		SolutionGuid = {0AA9EDE2-3DB8-42C1-A4F2-F761580E5D21}
	EndGlobalSection
EndGlobal
